// !$*UTF8*$!
{
	archiveVersion = 1;
	classes = {
	};
	objectVersion = 56;
	objects = {

/* Begin PBXBuildFile section */
		DF641EE72BE6036700B6B6BA /* Profile.swift in Sources */ = {isa = PBXBuildFile; fileRef = DF641EE62BE6036700B6B6BA /* Profile.swift */; };
		DF641EE92BE6050B00B6B6BA /* ProfileSummary.swift in Sources */ = {isa = PBXBuildFile; fileRef = DF641EE82BE6050B00B6B6BA /* ProfileSummary.swift */; };
		DF641EEB2BE60E7500B6B6BA /* EditProfile.swift in Sources */ = {isa = PBXBuildFile; fileRef = DF641EEA2BE60E7500B6B6BA /* EditProfile.swift */; };
		DF641EED2BE649FB00B6B6BA /* PageViewController.swift in Sources */ = {isa = PBXBuildFile; fileRef = DF641EEC2BE649FB00B6B6BA /* PageViewController.swift */; };
		DF641EEF2BE6507200B6B6BA /* FeatureCard.swift in Sources */ = {isa = PBXBuildFile; fileRef = DF641EEE2BE6507200B6B6BA /* FeatureCard.swift */; };
		DF641EF12BE6560700B6B6BA /* Pageview.swift in Sources */ = {isa = PBXBuildFile; fileRef = DF641EF02BE6560700B6B6BA /* Pageview.swift */; };
		DFC86FCB2BE4BF5B0029ACA1 /* ListAndNavigationApp.swift in Sources */ = {isa = PBXBuildFile; fileRef = DFC86FCA2BE4BF5B0029ACA1 /* ListAndNavigationApp.swift */; };
		DFC86FCD2BE4BF5B0029ACA1 /* ContentView.swift in Sources */ = {isa = PBXBuildFile; fileRef = DFC86FCC2BE4BF5B0029ACA1 /* ContentView.swift */; };
		DFC86FCF2BE4BF5E0029ACA1 /* Assets.xcassets in Resources */ = {isa = PBXBuildFile; fileRef = DFC86FCE2BE4BF5E0029ACA1 /* Assets.xcassets */; };
		DFC86FD22BE4BF5E0029ACA1 /* Preview Assets.xcassets in Resources */ = {isa = PBXBuildFile; fileRef = DFC86FD12BE4BF5E0029ACA1 /* Preview Assets.xcassets */; };
		DFC86FDC2BE4BFE10029ACA1 /* Landmark.swift in Sources */ = {isa = PBXBuildFile; fileRef = DFC86FDB2BE4BFE10029ACA1 /* Landmark.swift */; };
		DFC86FE22BE4C0880029ACA1 /* ModelData.swift in Sources */ = {isa = PBXBuildFile; fileRef = DFC86FE12BE4C0880029ACA1 /* ModelData.swift */; };
		DFC86FE42BE4C0A60029ACA1 /* LandmarkList.swift in Sources */ = {isa = PBXBuildFile; fileRef = DFC86FE32BE4C0A60029ACA1 /* LandmarkList.swift */; };
		DFC86FE62BE4C0CC0029ACA1 /* LandmarkDetail.swift in Sources */ = {isa = PBXBuildFile; fileRef = DFC86FE52BE4C0CC0029ACA1 /* LandmarkDetail.swift */; };
		DFC86FE82BE4C0EE0029ACA1 /* LandmarkRow.swift in Sources */ = {isa = PBXBuildFile; fileRef = DFC86FE72BE4C0EE0029ACA1 /* LandmarkRow.swift */; };
		DFC86FEA2BE4C1830029ACA1 /* MapView.swift in Sources */ = {isa = PBXBuildFile; fileRef = DFC86FE92BE4C1830029ACA1 /* MapView.swift */; };
		DFC86FEC2BE4C18E0029ACA1 /* CircleImage.swift in Sources */ = {isa = PBXBuildFile; fileRef = DFC86FEB2BE4C18E0029ACA1 /* CircleImage.swift */; };
		DFC86FEE2BE4C28D0029ACA1 /* landmarkData.json in Resources */ = {isa = PBXBuildFile; fileRef = DFC86FED2BE4C28D0029ACA1 /* landmarkData.json */; };
		DFC86FF22BE4EA760029ACA1 /* FavouriteButton.swift in Sources */ = {isa = PBXBuildFile; fileRef = DFC86FF12BE4EA760029ACA1 /* FavouriteButton.swift */; };
		DFC86FF62BE4FB370029ACA1 /* CategoryHome.swift in Sources */ = {isa = PBXBuildFile; fileRef = DFC86FF52BE4FB370029ACA1 /* CategoryHome.swift */; };
		DFC86FF82BE4FEEB0029ACA1 /* CategoryRow.swift in Sources */ = {isa = PBXBuildFile; fileRef = DFC86FF72BE4FEEB0029ACA1 /* CategoryRow.swift */; };
		DFC86FFA2BE4FF0B0029ACA1 /* CategoryItem.swift in Sources */ = {isa = PBXBuildFile; fileRef = DFC86FF92BE4FF0B0029ACA1 /* CategoryItem.swift */; };
/* End PBXBuildFile section */

/* Begin PBXFileReference section */
		DF641EE62BE6036700B6B6BA /* Profile.swift */ = {isa = PBXFileReference; lastKnownFileType = sourcecode.swift; path = Profile.swift; sourceTree = "<group>"; };
		DF641EE82BE6050B00B6B6BA /* ProfileSummary.swift */ = {isa = PBXFileReference; lastKnownFileType = sourcecode.swift; path = ProfileSummary.swift; sourceTree = "<group>"; };
		DF641EEA2BE60E7500B6B6BA /* EditProfile.swift */ = {isa = PBXFileReference; lastKnownFileType = sourcecode.swift; path = EditProfile.swift; sourceTree = "<group>"; };
		DF641EEC2BE649FB00B6B6BA /* PageViewController.swift */ = {isa = PBXFileReference; lastKnownFileType = sourcecode.swift; path = PageViewController.swift; sourceTree = "<group>"; };
		DF641EEE2BE6507200B6B6BA /* FeatureCard.swift */ = {isa = PBXFileReference; lastKnownFileType = sourcecode.swift; path = FeatureCard.swift; sourceTree = "<group>"; };
		DF641EF02BE6560700B6B6BA /* Pageview.swift */ = {isa = PBXFileReference; lastKnownFileType = sourcecode.swift; path = Pageview.swift; sourceTree = "<group>"; };
		DFC86FC72BE4BF5B0029ACA1 /* ListAndNavigation.app */ = {isa = PBXFileReference; explicitFileType = wrapper.application; includeInIndex = 0; path = ListAndNavigation.app; sourceTree = BUILT_PRODUCTS_DIR; };
		DFC86FCA2BE4BF5B0029ACA1 /* ListAndNavigationApp.swift */ = {isa = PBXFileReference; lastKnownFileType = sourcecode.swift; path = ListAndNavigationApp.swift; sourceTree = "<group>"; };
		DFC86FCC2BE4BF5B0029ACA1 /* ContentView.swift */ = {isa = PBXFileReference; lastKnownFileType = sourcecode.swift; path = ContentView.swift; sourceTree = "<group>"; };
		DFC86FCE2BE4BF5E0029ACA1 /* Assets.xcassets */ = {isa = PBXFileReference; lastKnownFileType = folder.assetcatalog; path = Assets.xcassets; sourceTree = "<group>"; };
		DFC86FD12BE4BF5E0029ACA1 /* Preview Assets.xcassets */ = {isa = PBXFileReference; lastKnownFileType = folder.assetcatalog; path = "Preview Assets.xcassets"; sourceTree = "<group>"; };
		DFC86FDB2BE4BFE10029ACA1 /* Landmark.swift */ = {isa = PBXFileReference; lastKnownFileType = sourcecode.swift; path = Landmark.swift; sourceTree = "<group>"; };
		DFC86FE12BE4C0880029ACA1 /* ModelData.swift */ = {isa = PBXFileReference; lastKnownFileType = sourcecode.swift; path = ModelData.swift; sourceTree = "<group>"; };
		DFC86FE32BE4C0A60029ACA1 /* LandmarkList.swift */ = {isa = PBXFileReference; lastKnownFileType = sourcecode.swift; path = LandmarkList.swift; sourceTree = "<group>"; };
		DFC86FE52BE4C0CC0029ACA1 /* LandmarkDetail.swift */ = {isa = PBXFileReference; lastKnownFileType = sourcecode.swift; path = LandmarkDetail.swift; sourceTree = "<group>"; };
		DFC86FE72BE4C0EE0029ACA1 /* LandmarkRow.swift */ = {isa = PBXFileReference; lastKnownFileType = sourcecode.swift; path = LandmarkRow.swift; sourceTree = "<group>"; };
		DFC86FE92BE4C1830029ACA1 /* MapView.swift */ = {isa = PBXFileReference; lastKnownFileType = sourcecode.swift; path = MapView.swift; sourceTree = "<group>"; };
		DFC86FEB2BE4C18E0029ACA1 /* CircleImage.swift */ = {isa = PBXFileReference; lastKnownFileType = sourcecode.swift; path = CircleImage.swift; sourceTree = "<group>"; };
		DFC86FED2BE4C28D0029ACA1 /* landmarkData.json */ = {isa = PBXFileReference; fileEncoding = 4; lastKnownFileType = text.json; path = landmarkData.json; sourceTree = "<group>"; };
		DFC86FF12BE4EA760029ACA1 /* FavouriteButton.swift */ = {isa = PBXFileReference; lastKnownFileType = sourcecode.swift; path = FavouriteButton.swift; sourceTree = "<group>"; };
		DFC86FF52BE4FB370029ACA1 /* CategoryHome.swift */ = {isa = PBXFileReference; lastKnownFileType = sourcecode.swift; path = CategoryHome.swift; sourceTree = "<group>"; };
		DFC86FF72BE4FEEB0029ACA1 /* CategoryRow.swift */ = {isa = PBXFileReference; lastKnownFileType = sourcecode.swift; path = CategoryRow.swift; sourceTree = "<group>"; };
		DFC86FF92BE4FF0B0029ACA1 /* CategoryItem.swift */ = {isa = PBXFileReference; lastKnownFileType = sourcecode.swift; path = CategoryItem.swift; sourceTree = "<group>"; };
/* End PBXFileReference section */

/* Begin PBXFrameworksBuildPhase section */
		DFC86FC42BE4BF5B0029ACA1 /* Frameworks */ = {
			isa = PBXFrameworksBuildPhase;
			buildActionMask = 2147483647;
			files = (
			);
			runOnlyForDeploymentPostprocessing = 0;
		};
/* End PBXFrameworksBuildPhase section */

/* Begin PBXGroup section */
		DFC86FBE2BE4BF5B0029ACA1 = {
			isa = PBXGroup;
			children = (
				DFC86FC92BE4BF5B0029ACA1 /* ListAndNavigation */,
				DFC86FC82BE4BF5B0029ACA1 /* Products */,
			);
			sourceTree = "<group>";
		};
		DFC86FC82BE4BF5B0029ACA1 /* Products */ = {
			isa = PBXGroup;
			children = (
				DFC86FC72BE4BF5B0029ACA1 /* ListAndNavigation.app */,
			);
			name = Products;
			sourceTree = "<group>";
		};
		DFC86FC92BE4BF5B0029ACA1 /* ListAndNavigation */ = {
			isa = PBXGroup;
			children = (
				DFC86FCA2BE4BF5B0029ACA1 /* ListAndNavigationApp.swift */,
				DFC86FDA2BE4BFB60029ACA1 /* Model */,
				DFC86FD92BE4BFB10029ACA1 /* View */,
				DFC86FD82BE4BFA50029ACA1 /* Resources */,
				DFC86FCE2BE4BF5E0029ACA1 /* Assets.xcassets */,
				DFC86FD02BE4BF5E0029ACA1 /* Preview Content */,
			);
			path = ListAndNavigation;
			sourceTree = "<group>";
		};
		DFC86FD02BE4BF5E0029ACA1 /* Preview Content */ = {
			isa = PBXGroup;
			children = (
				DFC86FD12BE4BF5E0029ACA1 /* Preview Assets.xcassets */,
			);
			path = "Preview Content";
			sourceTree = "<group>";
		};
		DFC86FD82BE4BFA50029ACA1 /* Resources */ = {
			isa = PBXGroup;
			children = (
				DFC86FED2BE4C28D0029ACA1 /* landmarkData.json */,
			);
			path = Resources;
			sourceTree = "<group>";
		};
		DFC86FD92BE4BFB10029ACA1 /* View */ = {
			isa = PBXGroup;
			children = (
				DFC86FCC2BE4BF5B0029ACA1 /* ContentView.swift */,
				DFC86FE32BE4C0A60029ACA1 /* LandmarkList.swift */,
				DFC86FE52BE4C0CC0029ACA1 /* LandmarkDetail.swift */,
				DFC86FE72BE4C0EE0029ACA1 /* LandmarkRow.swift */,
				DFC86FE92BE4C1830029ACA1 /* MapView.swift */,
				DFC86FEB2BE4C18E0029ACA1 /* CircleImage.swift */,
				DFC86FF12BE4EA760029ACA1 /* FavouriteButton.swift */,
				DFC86FF52BE4FB370029ACA1 /* CategoryHome.swift */,
				DFC86FF72BE4FEEB0029ACA1 /* CategoryRow.swift */,
				DFC86FF92BE4FF0B0029ACA1 /* CategoryItem.swift */,
				DF641EE82BE6050B00B6B6BA /* ProfileSummary.swift */,
				DF641EEA2BE60E7500B6B6BA /* EditProfile.swift */,
				DF641EEC2BE649FB00B6B6BA /* PageViewController.swift */,
				DF641EEE2BE6507200B6B6BA /* FeatureCard.swift */,
				DF641EF02BE6560700B6B6BA /* Pageview.swift */,
			);
			path = View;
			sourceTree = "<group>";
		};
		DFC86FDA2BE4BFB60029ACA1 /* Model */ = {
			isa = PBXGroup;
			children = (
				DFC86FDB2BE4BFE10029ACA1 /* Landmark.swift */,
				DFC86FE12BE4C0880029ACA1 /* ModelData.swift */,
				DF641EE62BE6036700B6B6BA /* Profile.swift */,
			);
			path = Model;
			sourceTree = "<group>";
		};
/* End PBXGroup section */

/* Begin PBXNativeTarget section */
		DFC86FC62BE4BF5B0029ACA1 /* ListAndNavigation */ = {
			isa = PBXNativeTarget;
			buildConfigurationList = DFC86FD52BE4BF5E0029ACA1 /* Build configuration list for PBXNativeTarget "ListAndNavigation" */;
			buildPhases = (
				DFC86FC32BE4BF5B0029ACA1 /* Sources */,
				DFC86FC42BE4BF5B0029ACA1 /* Frameworks */,
				DFC86FC52BE4BF5B0029ACA1 /* Resources */,
			);
			buildRules = (
			);
			dependencies = (
			);
			name = ListAndNavigation;
			productName = ListAndNavigation;
			productReference = DFC86FC72BE4BF5B0029ACA1 /* ListAndNavigation.app */;
			productType = "com.apple.product-type.application";
		};
/* End PBXNativeTarget section */

/* Begin PBXProject section */
		DFC86FBF2BE4BF5B0029ACA1 /* Project object */ = {
			isa = PBXProject;
			attributes = {
				BuildIndependentTargetsInParallel = 1;
				LastSwiftUpdateCheck = 1530;
				LastUpgradeCheck = 1530;
				TargetAttributes = {
					DFC86FC62BE4BF5B0029ACA1 = {
						CreatedOnToolsVersion = 15.3;
					};
				};
			};
			buildConfigurationList = DFC86FC22BE4BF5B0029ACA1 /* Build configuration list for PBXProject "ListAndNavigation" */;
			compatibilityVersion = "Xcode 14.0";
			developmentRegion = en;
			hasScannedForEncodings = 0;
			knownRegions = (
				en,
				Base,
			);
			mainGroup = DFC86FBE2BE4BF5B0029ACA1;
			productRefGroup = DFC86FC82BE4BF5B0029ACA1 /* Products */;
			projectDirPath = "";
			projectRoot = "";
			targets = (
				DFC86FC62BE4BF5B0029ACA1 /* ListAndNavigation */,
			);
		};
/* End PBXProject section */

/* Begin PBXResourcesBuildPhase section */
		DFC86FC52BE4BF5B0029ACA1 /* Resources */ = {
			isa = PBXResourcesBuildPhase;
			buildActionMask = 2147483647;
			files = (
				DFC86FD22BE4BF5E0029ACA1 /* Preview Assets.xcassets in Resources */,
				DFC86FEE2BE4C28D0029ACA1 /* landmarkData.json in Resources */,
				DFC86FCF2BE4BF5E0029ACA1 /* Assets.xcassets in Resources */,
			);
			runOnlyForDeploymentPostprocessing = 0;
		};
/* End PBXResourcesBuildPhase section */

/* Begin PBXSourcesBuildPhase section */
		DFC86FC32BE4BF5B0029ACA1 /* Sources */ = {
			isa = PBXSourcesBuildPhase;
			buildActionMask = 2147483647;
			files = (
				DFC86FCD2BE4BF5B0029ACA1 /* ContentView.swift in Sources */,
				DFC86FEA2BE4C1830029ACA1 /* MapView.swift in Sources */,
				DF641EE92BE6050B00B6B6BA /* ProfileSummary.swift in Sources */,
				DF641EEB2BE60E7500B6B6BA /* EditProfile.swift in Sources */,
				DFC86FE22BE4C0880029ACA1 /* ModelData.swift in Sources */,
				DF641EE72BE6036700B6B6BA /* Profile.swift in Sources */,
				DFC86FCB2BE4BF5B0029ACA1 /* ListAndNavigationApp.swift in Sources */,
				DFC86FF62BE4FB370029ACA1 /* CategoryHome.swift in Sources */,
				DF641EED2BE649FB00B6B6BA /* PageViewController.swift in Sources */,
				DFC86FDC2BE4BFE10029ACA1 /* Landmark.swift in Sources */,
				DF641EEF2BE6507200B6B6BA /* FeatureCard.swift in Sources */,
				DFC86FEC2BE4C18E0029ACA1 /* CircleImage.swift in Sources */,
				DFC86FF22BE4EA760029ACA1 /* FavouriteButton.swift in Sources */,
				DFC86FFA2BE4FF0B0029ACA1 /* CategoryItem.swift in Sources */,
				DFC86FE62BE4C0CC0029ACA1 /* LandmarkDetail.swift in Sources */,
				DF641EF12BE6560700B6B6BA /* Pageview.swift in Sources */,
				DFC86FE82BE4C0EE0029ACA1 /* LandmarkRow.swift in Sources */,
				DFC86FF82BE4FEEB0029ACA1 /* CategoryRow.swift in Sources */,
				DFC86FE42BE4C0A60029ACA1 /* LandmarkList.swift in Sources */,
			);
			runOnlyForDeploymentPostprocessing = 0;
		};
/* End PBXSourcesBuildPhase section */

/* Begin XCBuildConfiguration section */
		DFC86FD32BE4BF5E0029ACA1 /* Debug */ = {
			isa = XCBuildConfiguration;
			buildSettings = {
				ALWAYS_SEARCH_USER_PATHS = NO;
				ASSETCATALOG_COMPILER_GENERATE_SWIFT_ASSET_SYMBOL_EXTENSIONS = YES;
				CLANG_ANALYZER_NONNULL = YES;
				CLANG_ANALYZER_NUMBER_OBJECT_CONVERSION = YES_AGGRESSIVE;
				CLANG_CXX_LANGUAGE_STANDARD = "gnu++20";
				CLANG_ENABLE_MODULES = YES;
				CLANG_ENABLE_OBJC_ARC = YES;
				CLANG_ENABLE_OBJC_WEAK = YES;
				CLANG_WARN_BLOCK_CAPTURE_AUTORELEASING = YES;
				CLANG_WARN_BOOL_CONVERSION = YES;
				CLANG_WARN_COMMA = YES;
				CLANG_WARN_CONSTANT_CONVERSION = YES;
				CLANG_WARN_DEPRECATED_OBJC_IMPLEMENTATIONS = YES;
				CLANG_WARN_DIRECT_OBJC_ISA_USAGE = YES_ERROR;
				CLANG_WARN_DOCUMENTATION_COMMENTS = YES;
				CLANG_WARN_EMPTY_BODY = YES;
				CLANG_WARN_ENUM_CONVERSION = YES;
				CLANG_WARN_INFINITE_RECURSION = YES;
				CLANG_WARN_INT_CONVERSION = YES;
				CLANG_WARN_NON_LITERAL_NULL_CONVERSION = YES;
				CLANG_WARN_OBJC_IMPLICIT_RETAIN_SELF = YES;
				CLANG_WARN_OBJC_LITERAL_CONVERSION = YES;
				CLANG_WARN_OBJC_ROOT_CLASS = YES_ERROR;
				CLANG_WARN_QUOTED_INCLUDE_IN_FRAMEWORK_HEADER = YES;
				CLANG_WARN_RANGE_LOOP_ANALYSIS = YES;
				CLANG_WARN_STRICT_PROTOTYPES = YES;
				CLANG_WARN_SUSPICIOUS_MOVE = YES;
				CLANG_WARN_UNGUARDED_AVAILABILITY = YES_AGGRESSIVE;
				CLANG_WARN_UNREACHABLE_CODE = YES;
				CLANG_WARN__DUPLICATE_METHOD_MATCH = YES;
				COPY_PHASE_STRIP = NO;
				DEBUG_INFORMATION_FORMAT = dwarf;
				ENABLE_STRICT_OBJC_MSGSEND = YES;
				ENABLE_TESTABILITY = YES;
				ENABLE_USER_SCRIPT_SANDBOXING = YES;
				GCC_C_LANGUAGE_STANDARD = gnu17;
				GCC_DYNAMIC_NO_PIC = NO;
				GCC_NO_COMMON_BLOCKS = YES;
				GCC_OPTIMIZATION_LEVEL = 0;
				GCC_PREPROCESSOR_DEFINITIONS = (
					"DEBUG=1",
					"$(inherited)",
				);
				GCC_WARN_64_TO_32_BIT_CONVERSION = YES;
				GCC_WARN_ABOUT_RETURN_TYPE = YES_ERROR;
				GCC_WARN_UNDECLARED_SELECTOR = YES;
				GCC_WARN_UNINITIALIZED_AUTOS = YES_AGGRESSIVE;
				GCC_WARN_UNUSED_FUNCTION = YES;
				GCC_WARN_UNUSED_VARIABLE = YES;
				IPHONEOS_DEPLOYMENT_TARGET = 17.4;
				LOCALIZATION_PREFERS_STRING_CATALOGS = YES;
				MTL_ENABLE_DEBUG_INFO = INCLUDE_SOURCE;
				MTL_FAST_MATH = YES;
				ONLY_ACTIVE_ARCH = YES;
				SDKROOT = iphoneos;
				SWIFT_ACTIVE_COMPILATION_CONDITIONS = "DEBUG $(inherited)";
				SWIFT_OPTIMIZATION_LEVEL = "-Onone";
			};
			name = Debug;
		};
		DFC86FD42BE4BF5E0029ACA1 /* Release */ = {
			isa = XCBuildConfiguration;
			buildSettings = {
				ALWAYS_SEARCH_USER_PATHS = NO;
				ASSETCATALOG_COMPILER_GENERATE_SWIFT_ASSET_SYMBOL_EXTENSIONS = YES;
				CLANG_ANALYZER_NONNULL = YES;
				CLANG_ANALYZER_NUMBER_OBJECT_CONVERSION = YES_AGGRESSIVE;
				CLANG_CXX_LANGUAGE_STANDARD = "gnu++20";
				CLANG_ENABLE_MODULES = YES;
				CLANG_ENABLE_OBJC_ARC = YES;
				CLANG_ENABLE_OBJC_WEAK = YES;
				CLANG_WARN_BLOCK_CAPTURE_AUTORELEASING = YES;
				CLANG_WARN_BOOL_CONVERSION = YES;
				CLANG_WARN_COMMA = YES;
				CLANG_WARN_CONSTANT_CONVERSION = YES;
				CLANG_WARN_DEPRECATED_OBJC_IMPLEMENTATIONS = YES;
				CLANG_WARN_DIRECT_OBJC_ISA_USAGE = YES_ERROR;
				CLANG_WARN_DOCUMENTATION_COMMENTS = YES;
				CLANG_WARN_EMPTY_BODY = YES;
				CLANG_WARN_ENUM_CONVERSION = YES;
				CLANG_WARN_INFINITE_RECURSION = YES;
				CLANG_WARN_INT_CONVERSION = YES;
				CLANG_WARN_NON_LITERAL_NULL_CONVERSION = YES;
				CLANG_WARN_OBJC_IMPLICIT_RETAIN_SELF = YES;
				CLANG_WARN_OBJC_LITERAL_CONVERSION = YES;
				CLANG_WARN_OBJC_ROOT_CLASS = YES_ERROR;
				CLANG_WARN_QUOTED_INCLUDE_IN_FRAMEWORK_HEADER = YES;
				CLANG_WARN_RANGE_LOOP_ANALYSIS = YES;
				CLANG_WARN_STRICT_PROTOTYPES = YES;
				CLANG_WARN_SUSPICIOUS_MOVE = YES;
				CLANG_WARN_UNGUARDED_AVAILABILITY = YES_AGGRESSIVE;
				CLANG_WARN_UNREACHABLE_CODE = YES;
				CLANG_WARN__DUPLICATE_METHOD_MATCH = YES;
				COPY_PHASE_STRIP = NO;
				DEBUG_INFORMATION_FORMAT = "dwarf-with-dsym";
				ENABLE_NS_ASSERTIONS = NO;
				ENABLE_STRICT_OBJC_MSGSEND = YES;
				ENABLE_USER_SCRIPT_SANDBOXING = YES;
				GCC_C_LANGUAGE_STANDARD = gnu17;
				GCC_NO_COMMON_BLOCKS = YES;
				GCC_WARN_64_TO_32_BIT_CONVERSION = YES;
				GCC_WARN_ABOUT_RETURN_TYPE = YES_ERROR;
				GCC_WARN_UNDECLARED_SELECTOR = YES;
				GCC_WARN_UNINITIALIZED_AUTOS = YES_AGGRESSIVE;
				GCC_WARN_UNUSED_FUNCTION = YES;
				GCC_WARN_UNUSED_VARIABLE = YES;
				IPHONEOS_DEPLOYMENT_TARGET = 17.4;
				LOCALIZATION_PREFERS_STRING_CATALOGS = YES;
				MTL_ENABLE_DEBUG_INFO = NO;
				MTL_FAST_MATH = YES;
				SDKROOT = iphoneos;
				SWIFT_COMPILATION_MODE = wholemodule;
				VALIDATE_PRODUCT = YES;
			};
			name = Release;
		};
		DFC86FD62BE4BF5E0029ACA1 /* Debug */ = {
			isa = XCBuildConfiguration;
			buildSettings = {
				ASSETCATALOG_COMPILER_APPICON_NAME = AppIcon;
				ASSETCATALOG_COMPILER_GLOBAL_ACCENT_COLOR_NAME = AccentColor;
				CODE_SIGN_STYLE = Automatic;
				CURRENT_PROJECT_VERSION = 1;
				DEVELOPMENT_ASSET_PATHS = "\"ListAndNavigation/Preview Content\"";
				ENABLE_PREVIEWS = YES;
				GENERATE_INFOPLIST_FILE = YES;
				INFOPLIST_KEY_UIApplicationSceneManifest_Generation = YES;
				INFOPLIST_KEY_UIApplicationSupportsIndirectInputEvents = YES;
				INFOPLIST_KEY_UILaunchScreen_Generation = YES;
				INFOPLIST_KEY_UISupportedInterfaceOrientations_iPad = "UIInterfaceOrientationPortrait UIInterfaceOrientationPortraitUpsideDown UIInterfaceOrientationLandscapeLeft UIInterfaceOrientationLandscapeRight";
				INFOPLIST_KEY_UISupportedInterfaceOrientations_iPhone = "UIInterfaceOrientationPortrait UIInterfaceOrientationLandscapeLeft UIInterfaceOrientationLandscapeRight";
				LD_RUNPATH_SEARCH_PATHS = (
					"$(inherited)",
					"@executable_path/Frameworks",
				);
				MARKETING_VERSION = 1.0;
				PRODUCT_BUNDLE_IDENTIFIER = com.stackgeeks.ListAndNavigation;
				PRODUCT_NAME = "$(TARGET_NAME)";
				SWIFT_EMIT_LOC_STRINGS = YES;
				SWIFT_VERSION = 5.0;
				TARGETED_DEVICE_FAMILY = "1,2";
			};
			name = Debug;
		};
		DFC86FD72BE4BF5E0029ACA1 /* Release */ = {
			isa = XCBuildConfiguration;
			buildSettings = {
				ASSETCATALOG_COMPILER_APPICON_NAME = AppIcon;
				ASSETCATALOG_COMPILER_GLOBAL_ACCENT_COLOR_NAME = AccentColor;
				CODE_SIGN_STYLE = Automatic;
				CURRENT_PROJECT_VERSION = 1;
				DEVELOPMENT_ASSET_PATHS = "\"ListAndNavigation/Preview Content\"";
				ENABLE_PREVIEWS = YES;
				GENERATE_INFOPLIST_FILE = YES;
				INFOPLIST_KEY_UIApplicationSceneManifest_Generation = YES;
				INFOPLIST_KEY_UIApplicationSupportsIndirectInputEvents = YES;
				INFOPLIST_KEY_UILaunchScreen_Generation = YES;
				INFOPLIST_KEY_UISupportedInterfaceOrientations_iPad = "UIInterfaceOrientationPortrait UIInterfaceOrientationPortraitUpsideDown UIInterfaceOrientationLandscapeLeft UIInterfaceOrientationLandscapeRight";
				INFOPLIST_KEY_UISupportedInterfaceOrientations_iPhone = "UIInterfaceOrientationPortrait UIInterfaceOrientationLandscapeLeft UIInterfaceOrientationLandscapeRight";
				LD_RUNPATH_SEARCH_PATHS = (
					"$(inherited)",
					"@executable_path/Frameworks",
				);
				MARKETING_VERSION = 1.0;
				PRODUCT_BUNDLE_IDENTIFIER = com.stackgeeks.ListAndNavigation;
				PRODUCT_NAME = "$(TARGET_NAME)";
				SWIFT_EMIT_LOC_STRINGS = YES;
				SWIFT_VERSION = 5.0;
				TARGETED_DEVICE_FAMILY = "1,2";
			};
			name = Release;
		};
/* End XCBuildConfiguration section */

/* Begin XCConfigurationList section */
		DFC86FC22BE4BF5B0029ACA1 /* Build configuration list for PBXProject "ListAndNavigation" */ = {
			isa = XCConfigurationList;
			buildConfigurations = (
				DFC86FD32BE4BF5E0029ACA1 /* Debug */,
				DFC86FD42BE4BF5E0029ACA1 /* Release */,
			);
			defaultConfigurationIsVisible = 0;
			defaultConfigurationName = Release;
		};
		DFC86FD52BE4BF5E0029ACA1 /* Build configuration list for PBXNativeTarget "ListAndNavigation" */ = {
			isa = XCConfigurationList;
			buildConfigurations = (
				DFC86FD62BE4BF5E0029ACA1 /* Debug */,
				DFC86FD72BE4BF5E0029ACA1 /* Release */,
			);
			defaultConfigurationIsVisible = 0;
			defaultConfigurationName = Release;
		};
/* End XCConfigurationList section */
	};
	rootObject = DFC86FBF2BE4BF5B0029ACA1 /* Project object */;
}
